
Microsoft Visual Studio Solution File, Format Version 12.00
# Visual Studio 14
VisualStudioVersion = 14.0.24720.0
MinimumVisualStudioVersion = 10.0.40219.1
Project("{8BC9CEB8-8B4A-11D0-8D11-00A0C91BC942}") = "EX1", "EX1\EX1.vcxproj", "{882C6191-B8C4-4AC7-96FD-39713BF67327}"
EndProject
Project("{8BC9CEB8-8B4A-11D0-8D11-00A0C91BC942}") = "EX2", "EX2\EX2.vcxproj", "{E44F575C-2D5D-4D58-A2F9-7A02054F54E6}"
EndProject
Project("{8BC9CEB8-8B4A-11D0-8D11-00A0C91BC942}") = "EX3", "EX3\EX3.vcxproj", "{1346F7D8-9BDF-44C3-9010-AB8E0408892B}"
EndProject
Project("{8BC9CEB8-8B4A-11D0-8D11-00A0C91BC942}") = "EX4", "EX4\EX4.vcxproj", "{A8982826-2975-43EB-80EF-54D9E005568B}"
EndProject
Project("{8BC9CEB8-8B4A-11D0-8D11-00A0C91BC942}") = "EX5", "EX5\EX5.vcxproj", "{8585E627-699F-4F2C-82BA-AB90959B7E5B}"
EndProject
Project("{8BC9CEB8-8B4A-11D0-8D11-00A0C91BC942}") = "EX6", "EX6\EX6.vcxproj", "{76ED8097-A8B2-4560-83D2-B3243719637D}"
EndProject
Project("{8BC9CEB8-8B4A-11D0-8D11-00A0C91BC942}") = "EX6.1", "EX6.1\EX6.1.vcxproj", "{A6C6DD7E-BCD8-49B1-9B91-3B428CF56D28}"
EndProject
Project("{8BC9CEB8-8B4A-11D0-8D11-00A0C91BC942}") = "EX7", "EX7\EX7.vcxproj", "{4B2115E2-6586-490D-8755-4480636CBD36}"
EndProject
Project("{8BC9CEB8-8B4A-11D0-8D11-00A0C91BC942}") = "EX8", "EX8\EX8.vcxproj", "{28AB6C14-BAD3-4C3A-88BE-46450FA4389D}"
EndProject
Global
	GlobalSection(SolutionConfigurationPlatforms) = preSolution
		Debug|x64 = Debug|x64
		Debug|x86 = Debug|x86
		Release|x64 = Release|x64
		Release|x86 = Release|x86
	EndGlobalSection
	GlobalSection(ProjectConfigurationPlatforms) = postSolution
		{882C6191-B8C4-4AC7-96FD-39713BF67327}.Debug|x64.ActiveCfg = Debug|x64
		{882C6191-B8C4-4AC7-96FD-39713BF67327}.Debug|x64.Build.0 = Debug|x64
		{882C6191-B8C4-4AC7-96FD-39713BF67327}.Debug|x86.ActiveCfg = Debug|Win32
		{882C6191-B8C4-4AC7-96FD-39713BF67327}.Debug|x86.Build.0 = Debug|Win32
		{882C6191-B8C4-4AC7-96FD-39713BF67327}.Release|x64.ActiveCfg = Release|x64
		{882C6191-B8C4-4AC7-96FD-39713BF67327}.Release|x64.Build.0 = Release|x64
		{882C6191-B8C4-4AC7-96FD-39713BF67327}.Release|x86.ActiveCfg = Release|Win32
		{882C6191-B8C4-4AC7-96FD-39713BF67327}.Release|x86.Build.0 = Release|Win32
		{E44F575C-2D5D-4D58-A2F9-7A02054F54E6}.Debug|x64.ActiveCfg = Debug|x64
		{E44F575C-2D5D-4D58-A2F9-7A02054F54E6}.Debug|x64.Build.0 = Debug|x64
		{E44F575C-2D5D-4D58-A2F9-7A02054F54E6}.Debug|x86.ActiveCfg = Debug|Win32
		{E44F575C-2D5D-4D58-A2F9-7A02054F54E6}.Debug|x86.Build.0 = Debug|Win32
		{E44F575C-2D5D-4D58-A2F9-7A02054F54E6}.Release|x64.ActiveCfg = Release|x64
		{E44F575C-2D5D-4D58-A2F9-7A02054F54E6}.Release|x64.Build.0 = Release|x64
		{E44F575C-2D5D-4D58-A2F9-7A02054F54E6}.Release|x86.ActiveCfg = Release|Win32
		{E44F575C-2D5D-4D58-A2F9-7A02054F54E6}.Release|x86.Build.0 = Release|Win32
		{1346F7D8-9BDF-44C3-9010-AB8E0408892B}.Debug|x64.ActiveCfg = Debug|x64
		{1346F7D8-9BDF-44C3-9010-AB8E0408892B}.Debug|x64.Build.0 = Debug|x64
		{1346F7D8-9BDF-44C3-9010-AB8E0408892B}.Debug|x86.ActiveCfg = Debug|Win32
		{1346F7D8-9BDF-44C3-9010-AB8E0408892B}.Debug|x86.Build.0 = Debug|Win32
		{1346F7D8-9BDF-44C3-9010-AB8E0408892B}.Release|x64.ActiveCfg = Release|x64
		{1346F7D8-9BDF-44C3-9010-AB8E0408892B}.Release|x64.Build.0 = Release|x64
		{1346F7D8-9BDF-44C3-9010-AB8E0408892B}.Release|x86.ActiveCfg = Release|Win32
		{1346F7D8-9BDF-44C3-9010-AB8E0408892B}.Release|x86.Build.0 = Release|Win32
		{A8982826-2975-43EB-80EF-54D9E005568B}.Debug|x64.ActiveCfg = Debug|x64
		{A8982826-2975-43EB-80EF-54D9E005568B}.Debug|x64.Build.0 = Debug|x64
		{A8982826-2975-43EB-80EF-54D9E005568B}.Debug|x86.ActiveCfg = Debug|Win32
		{A8982826-2975-43EB-80EF-54D9E005568B}.Debug|x86.Build.0 = Debug|Win32
		{A8982826-2975-43EB-80EF-54D9E005568B}.Release|x64.ActiveCfg = Release|x64
		{A8982826-2975-43EB-80EF-54D9E005568B}.Release|x64.Build.0 = Release|x64
		{A8982826-2975-43EB-80EF-54D9E005568B}.Release|x86.ActiveCfg = Release|Win32
		{A8982826-2975-43EB-80EF-54D9E005568B}.Release|x86.Build.0 = Release|Win32
		{8585E627-699F-4F2C-82BA-AB90959B7E5B}.Debug|x64.ActiveCfg = Debug|x64
		{8585E627-699F-4F2C-82BA-AB90959B7E5B}.Debug|x64.Build.0 = Debug|x64
		{8585E627-699F-4F2C-82BA-AB90959B7E5B}.Debug|x86.ActiveCfg = Debug|Win32
		{8585E627-699F-4F2C-82BA-AB90959B7E5B}.Debug|x86.Build.0 = Debug|Win32
		{8585E627-699F-4F2C-82BA-AB90959B7E5B}.Release|x64.ActiveCfg = Release|x64
		{8585E627-699F-4F2C-82BA-AB90959B7E5B}.Release|x64.Build.0 = Release|x64
		{8585E627-699F-4F2C-82BA-AB90959B7E5B}.Release|x86.ActiveCfg = Release|Win32
		{8585E627-699F-4F2C-82BA-AB90959B7E5B}.Release|x86.Build.0 = Release|Win32
		{76ED8097-A8B2-4560-83D2-B3243719637D}.Debug|x64.ActiveCfg = Debug|x64
		{76ED8097-A8B2-4560-83D2-B3243719637D}.Debug|x64.Build.0 = Debug|x64
		{76ED8097-A8B2-4560-83D2-B3243719637D}.Debug|x86.ActiveCfg = Debug|Win32
		{76ED8097-A8B2-4560-83D2-B3243719637D}.Debug|x86.Build.0 = Debug|Win32
		{76ED8097-A8B2-4560-83D2-B3243719637D}.Release|x64.ActiveCfg = Release|x64
		{76ED8097-A8B2-4560-83D2-B3243719637D}.Release|x64.Build.0 = Release|x64
		{76ED8097-A8B2-4560-83D2-B3243719637D}.Release|x86.ActiveCfg = Release|Win32
		{76ED8097-A8B2-4560-83D2-B3243719637D}.Release|x86.Build.0 = Release|Win32
		{A6C6DD7E-BCD8-49B1-9B91-3B428CF56D28}.Debug|x64.ActiveCfg = Debug|x64
		{A6C6DD7E-BCD8-49B1-9B91-3B428CF56D28}.Debug|x64.Build.0 = Debug|x64
		{A6C6DD7E-BCD8-49B1-9B91-3B428CF56D28}.Debug|x86.ActiveCfg = Debug|Win32
		{A6C6DD7E-BCD8-49B1-9B91-3B428CF56D28}.Debug|x86.Build.0 = Debug|Win32
		{A6C6DD7E-BCD8-49B1-9B91-3B428CF56D28}.Release|x64.ActiveCfg = Release|x64
		{A6C6DD7E-BCD8-49B1-9B91-3B428CF56D28}.Release|x64.Build.0 = Release|x64
		{A6C6DD7E-BCD8-49B1-9B91-3B428CF56D28}.Release|x86.ActiveCfg = Release|Win32
		{A6C6DD7E-BCD8-49B1-9B91-3B428CF56D28}.Release|x86.Build.0 = Release|Win32
		{4B2115E2-6586-490D-8755-4480636CBD36}.Debug|x64.ActiveCfg = Debug|x64
		{4B2115E2-6586-490D-8755-4480636CBD36}.Debug|x64.Build.0 = Debug|x64
		{4B2115E2-6586-490D-8755-4480636CBD36}.Debug|x86.ActiveCfg = Debug|Win32
		{4B2115E2-6586-490D-8755-4480636CBD36}.Debug|x86.Build.0 = Debug|Win32
		{4B2115E2-6586-490D-8755-4480636CBD36}.Release|x64.ActiveCfg = Release|x64
		{4B2115E2-6586-490D-8755-4480636CBD36}.Release|x64.Build.0 = Release|x64
		{4B2115E2-6586-490D-8755-4480636CBD36}.Release|x86.ActiveCfg = Release|Win32
		{4B2115E2-6586-490D-8755-4480636CBD36}.Release|x86.Build.0 = Release|Win32
		{28AB6C14-BAD3-4C3A-88BE-46450FA4389D}.Debug|x64.ActiveCfg = Debug|x64
		{28AB6C14-BAD3-4C3A-88BE-46450FA4389D}.Debug|x64.Build.0 = Debug|x64
		{28AB6C14-BAD3-4C3A-88BE-46450FA4389D}.Debug|x86.ActiveCfg = Debug|Win32
		{28AB6C14-BAD3-4C3A-88BE-46450FA4389D}.Debug|x86.Build.0 = Debug|Win32
		{28AB6C14-BAD3-4C3A-88BE-46450FA4389D}.Release|x64.ActiveCfg = Release|x64
		{28AB6C14-BAD3-4C3A-88BE-46450FA4389D}.Release|x64.Build.0 = Release|x64
		{28AB6C14-BAD3-4C3A-88BE-46450FA4389D}.Release|x86.ActiveCfg = Release|Win32
		{28AB6C14-BAD3-4C3A-88BE-46450FA4389D}.Release|x86.Build.0 = Release|Win32
	EndGlobalSection
	GlobalSection(SolutionProperties) = preSolution
		HideSolutionNode = FALSE
	EndGlobalSection
EndGlobal
