
Microsoft Visual Studio Solution File, Format Version 12.00
# Visual Studio 14
VisualStudioVersion = 14.0.25123.0
MinimumVisualStudioVersion = 10.0.40219.1
Project("{8BC9CEB8-8B4A-11D0-8D11-00A0C91BC942}") = "EX1", "EX1\EX1.vcxproj", "{E5FB909F-67D6-440B-8E6B-9C1DBDE1A14A}"
EndProject
Project("{8BC9CEB8-8B4A-11D0-8D11-00A0C91BC942}") = "EX2", "EX2\EX2.vcxproj", "{16B08B0E-75CA-4F75-80E6-372F6BF01354}"
EndProject
Project("{8BC9CEB8-8B4A-11D0-8D11-00A0C91BC942}") = "EX3", "EX3\EX3.vcxproj", "{DCED1E97-85E2-45AC-9C9A-8589F6C0F287}"
EndProject
Project("{8BC9CEB8-8B4A-11D0-8D11-00A0C91BC942}") = "EX4", "EX4\EX4.vcxproj", "{16F63C91-969D-4085-B80F-D3B6BDEFBB25}"
EndProject
Project("{8BC9CEB8-8B4A-11D0-8D11-00A0C91BC942}") = "EX5", "EX5\EX5.vcxproj", "{8BB27F1C-5CA9-403A-9AFB-FD850EF67974}"
EndProject
Project("{8BC9CEB8-8B4A-11D0-8D11-00A0C91BC942}") = "EX6", "EX6\EX6.vcxproj", "{D9F5E33D-C34A-465B-B87E-FDA6A1E144E6}"
EndProject
Project("{8BC9CEB8-8B4A-11D0-8D11-00A0C91BC942}") = "EX7", "EX7\EX7.vcxproj", "{D827F208-0922-4037-9C6C-C9DCBC25419C}"
EndProject
Project("{8BC9CEB8-8B4A-11D0-8D11-00A0C91BC942}") = "EX8", "EX8\EX8.vcxproj", "{433639B7-7046-4A7F-87A6-59BABADB0B77}"
EndProject
Project("{8BC9CEB8-8B4A-11D0-8D11-00A0C91BC942}") = "EX9", "EX9\EX9.vcxproj", "{44FBC6B2-C859-4744-9C7A-AE9880E62CBB}"
EndProject
Project("{8BC9CEB8-8B4A-11D0-8D11-00A0C91BC942}") = "EX10", "EX10\EX10.vcxproj", "{FA926C05-9B00-4DBA-9252-22B0E9AFFBD9}"
EndProject
Project("{8BC9CEB8-8B4A-11D0-8D11-00A0C91BC942}") = "EX11", "EX11\EX11.vcxproj", "{CBB47199-A014-4308-9375-804D59DC8BDA}"
EndProject
Project("{8BC9CEB8-8B4A-11D0-8D11-00A0C91BC942}") = "EX12", "EX12\EX12.vcxproj", "{954497EB-EBB3-4548-86A7-3843AB4A9935}"
EndProject
Global
	GlobalSection(SolutionConfigurationPlatforms) = preSolution
		Debug|x64 = Debug|x64
		Debug|x86 = Debug|x86
		Release|x64 = Release|x64
		Release|x86 = Release|x86
	EndGlobalSection
	GlobalSection(ProjectConfigurationPlatforms) = postSolution
		{E5FB909F-67D6-440B-8E6B-9C1DBDE1A14A}.Debug|x64.ActiveCfg = Debug|x64
		{E5FB909F-67D6-440B-8E6B-9C1DBDE1A14A}.Debug|x64.Build.0 = Debug|x64
		{E5FB909F-67D6-440B-8E6B-9C1DBDE1A14A}.Debug|x86.ActiveCfg = Debug|Win32
		{E5FB909F-67D6-440B-8E6B-9C1DBDE1A14A}.Debug|x86.Build.0 = Debug|Win32
		{E5FB909F-67D6-440B-8E6B-9C1DBDE1A14A}.Release|x64.ActiveCfg = Release|x64
		{E5FB909F-67D6-440B-8E6B-9C1DBDE1A14A}.Release|x64.Build.0 = Release|x64
		{E5FB909F-67D6-440B-8E6B-9C1DBDE1A14A}.Release|x86.ActiveCfg = Release|Win32
		{E5FB909F-67D6-440B-8E6B-9C1DBDE1A14A}.Release|x86.Build.0 = Release|Win32
		{16B08B0E-75CA-4F75-80E6-372F6BF01354}.Debug|x64.ActiveCfg = Debug|x64
		{16B08B0E-75CA-4F75-80E6-372F6BF01354}.Debug|x64.Build.0 = Debug|x64
		{16B08B0E-75CA-4F75-80E6-372F6BF01354}.Debug|x86.ActiveCfg = Debug|Win32
		{16B08B0E-75CA-4F75-80E6-372F6BF01354}.Debug|x86.Build.0 = Debug|Win32
		{16B08B0E-75CA-4F75-80E6-372F6BF01354}.Release|x64.ActiveCfg = Release|x64
		{16B08B0E-75CA-4F75-80E6-372F6BF01354}.Release|x64.Build.0 = Release|x64
		{16B08B0E-75CA-4F75-80E6-372F6BF01354}.Release|x86.ActiveCfg = Release|Win32
		{16B08B0E-75CA-4F75-80E6-372F6BF01354}.Release|x86.Build.0 = Release|Win32
		{DCED1E97-85E2-45AC-9C9A-8589F6C0F287}.Debug|x64.ActiveCfg = Debug|x64
		{DCED1E97-85E2-45AC-9C9A-8589F6C0F287}.Debug|x64.Build.0 = Debug|x64
		{DCED1E97-85E2-45AC-9C9A-8589F6C0F287}.Debug|x86.ActiveCfg = Debug|Win32
		{DCED1E97-85E2-45AC-9C9A-8589F6C0F287}.Debug|x86.Build.0 = Debug|Win32
		{DCED1E97-85E2-45AC-9C9A-8589F6C0F287}.Release|x64.ActiveCfg = Release|x64
		{DCED1E97-85E2-45AC-9C9A-8589F6C0F287}.Release|x64.Build.0 = Release|x64
		{DCED1E97-85E2-45AC-9C9A-8589F6C0F287}.Release|x86.ActiveCfg = Release|Win32
		{DCED1E97-85E2-45AC-9C9A-8589F6C0F287}.Release|x86.Build.0 = Release|Win32
		{16F63C91-969D-4085-B80F-D3B6BDEFBB25}.Debug|x64.ActiveCfg = Debug|x64
		{16F63C91-969D-4085-B80F-D3B6BDEFBB25}.Debug|x64.Build.0 = Debug|x64
		{16F63C91-969D-4085-B80F-D3B6BDEFBB25}.Debug|x86.ActiveCfg = Debug|Win32
		{16F63C91-969D-4085-B80F-D3B6BDEFBB25}.Debug|x86.Build.0 = Debug|Win32
		{16F63C91-969D-4085-B80F-D3B6BDEFBB25}.Release|x64.ActiveCfg = Release|x64
		{16F63C91-969D-4085-B80F-D3B6BDEFBB25}.Release|x64.Build.0 = Release|x64
		{16F63C91-969D-4085-B80F-D3B6BDEFBB25}.Release|x86.ActiveCfg = Release|Win32
		{16F63C91-969D-4085-B80F-D3B6BDEFBB25}.Release|x86.Build.0 = Release|Win32
		{8BB27F1C-5CA9-403A-9AFB-FD850EF67974}.Debug|x64.ActiveCfg = Debug|x64
		{8BB27F1C-5CA9-403A-9AFB-FD850EF67974}.Debug|x64.Build.0 = Debug|x64
		{8BB27F1C-5CA9-403A-9AFB-FD850EF67974}.Debug|x86.ActiveCfg = Debug|Win32
		{8BB27F1C-5CA9-403A-9AFB-FD850EF67974}.Debug|x86.Build.0 = Debug|Win32
		{8BB27F1C-5CA9-403A-9AFB-FD850EF67974}.Release|x64.ActiveCfg = Release|x64
		{8BB27F1C-5CA9-403A-9AFB-FD850EF67974}.Release|x64.Build.0 = Release|x64
		{8BB27F1C-5CA9-403A-9AFB-FD850EF67974}.Release|x86.ActiveCfg = Release|Win32
		{8BB27F1C-5CA9-403A-9AFB-FD850EF67974}.Release|x86.Build.0 = Release|Win32
		{D9F5E33D-C34A-465B-B87E-FDA6A1E144E6}.Debug|x64.ActiveCfg = Debug|x64
		{D9F5E33D-C34A-465B-B87E-FDA6A1E144E6}.Debug|x64.Build.0 = Debug|x64
		{D9F5E33D-C34A-465B-B87E-FDA6A1E144E6}.Debug|x86.ActiveCfg = Debug|Win32
		{D9F5E33D-C34A-465B-B87E-FDA6A1E144E6}.Debug|x86.Build.0 = Debug|Win32
		{D9F5E33D-C34A-465B-B87E-FDA6A1E144E6}.Release|x64.ActiveCfg = Release|x64
		{D9F5E33D-C34A-465B-B87E-FDA6A1E144E6}.Release|x64.Build.0 = Release|x64
		{D9F5E33D-C34A-465B-B87E-FDA6A1E144E6}.Release|x86.ActiveCfg = Release|Win32
		{D9F5E33D-C34A-465B-B87E-FDA6A1E144E6}.Release|x86.Build.0 = Release|Win32
		{D827F208-0922-4037-9C6C-C9DCBC25419C}.Debug|x64.ActiveCfg = Debug|x64
		{D827F208-0922-4037-9C6C-C9DCBC25419C}.Debug|x64.Build.0 = Debug|x64
		{D827F208-0922-4037-9C6C-C9DCBC25419C}.Debug|x86.ActiveCfg = Debug|Win32
		{D827F208-0922-4037-9C6C-C9DCBC25419C}.Debug|x86.Build.0 = Debug|Win32
		{D827F208-0922-4037-9C6C-C9DCBC25419C}.Release|x64.ActiveCfg = Release|x64
		{D827F208-0922-4037-9C6C-C9DCBC25419C}.Release|x64.Build.0 = Release|x64
		{D827F208-0922-4037-9C6C-C9DCBC25419C}.Release|x86.ActiveCfg = Release|Win32
		{D827F208-0922-4037-9C6C-C9DCBC25419C}.Release|x86.Build.0 = Release|Win32
		{433639B7-7046-4A7F-87A6-59BABADB0B77}.Debug|x64.ActiveCfg = Debug|x64
		{433639B7-7046-4A7F-87A6-59BABADB0B77}.Debug|x64.Build.0 = Debug|x64
		{433639B7-7046-4A7F-87A6-59BABADB0B77}.Debug|x86.ActiveCfg = Debug|Win32
		{433639B7-7046-4A7F-87A6-59BABADB0B77}.Debug|x86.Build.0 = Debug|Win32
		{433639B7-7046-4A7F-87A6-59BABADB0B77}.Release|x64.ActiveCfg = Release|x64
		{433639B7-7046-4A7F-87A6-59BABADB0B77}.Release|x64.Build.0 = Release|x64
		{433639B7-7046-4A7F-87A6-59BABADB0B77}.Release|x86.ActiveCfg = Release|Win32
		{433639B7-7046-4A7F-87A6-59BABADB0B77}.Release|x86.Build.0 = Release|Win32
		{44FBC6B2-C859-4744-9C7A-AE9880E62CBB}.Debug|x64.ActiveCfg = Debug|x64
		{44FBC6B2-C859-4744-9C7A-AE9880E62CBB}.Debug|x64.Build.0 = Debug|x64
		{44FBC6B2-C859-4744-9C7A-AE9880E62CBB}.Debug|x86.ActiveCfg = Debug|Win32
		{44FBC6B2-C859-4744-9C7A-AE9880E62CBB}.Debug|x86.Build.0 = Debug|Win32
		{44FBC6B2-C859-4744-9C7A-AE9880E62CBB}.Release|x64.ActiveCfg = Release|x64
		{44FBC6B2-C859-4744-9C7A-AE9880E62CBB}.Release|x64.Build.0 = Release|x64
		{44FBC6B2-C859-4744-9C7A-AE9880E62CBB}.Release|x86.ActiveCfg = Release|Win32
		{44FBC6B2-C859-4744-9C7A-AE9880E62CBB}.Release|x86.Build.0 = Release|Win32
		{FA926C05-9B00-4DBA-9252-22B0E9AFFBD9}.Debug|x64.ActiveCfg = Debug|x64
		{FA926C05-9B00-4DBA-9252-22B0E9AFFBD9}.Debug|x64.Build.0 = Debug|x64
		{FA926C05-9B00-4DBA-9252-22B0E9AFFBD9}.Debug|x86.ActiveCfg = Debug|Win32
		{FA926C05-9B00-4DBA-9252-22B0E9AFFBD9}.Debug|x86.Build.0 = Debug|Win32
		{FA926C05-9B00-4DBA-9252-22B0E9AFFBD9}.Release|x64.ActiveCfg = Release|x64
		{FA926C05-9B00-4DBA-9252-22B0E9AFFBD9}.Release|x64.Build.0 = Release|x64
		{FA926C05-9B00-4DBA-9252-22B0E9AFFBD9}.Release|x86.ActiveCfg = Release|Win32
		{FA926C05-9B00-4DBA-9252-22B0E9AFFBD9}.Release|x86.Build.0 = Release|Win32
		{CBB47199-A014-4308-9375-804D59DC8BDA}.Debug|x64.ActiveCfg = Debug|x64
		{CBB47199-A014-4308-9375-804D59DC8BDA}.Debug|x64.Build.0 = Debug|x64
		{CBB47199-A014-4308-9375-804D59DC8BDA}.Debug|x86.ActiveCfg = Debug|Win32
		{CBB47199-A014-4308-9375-804D59DC8BDA}.Debug|x86.Build.0 = Debug|Win32
		{CBB47199-A014-4308-9375-804D59DC8BDA}.Release|x64.ActiveCfg = Release|x64
		{CBB47199-A014-4308-9375-804D59DC8BDA}.Release|x64.Build.0 = Release|x64
		{CBB47199-A014-4308-9375-804D59DC8BDA}.Release|x86.ActiveCfg = Release|Win32
		{CBB47199-A014-4308-9375-804D59DC8BDA}.Release|x86.Build.0 = Release|Win32
		{954497EB-EBB3-4548-86A7-3843AB4A9935}.Debug|x64.ActiveCfg = Debug|x64
		{954497EB-EBB3-4548-86A7-3843AB4A9935}.Debug|x64.Build.0 = Debug|x64
		{954497EB-EBB3-4548-86A7-3843AB4A9935}.Debug|x86.ActiveCfg = Debug|Win32
		{954497EB-EBB3-4548-86A7-3843AB4A9935}.Debug|x86.Build.0 = Debug|Win32
		{954497EB-EBB3-4548-86A7-3843AB4A9935}.Release|x64.ActiveCfg = Release|x64
		{954497EB-EBB3-4548-86A7-3843AB4A9935}.Release|x64.Build.0 = Release|x64
		{954497EB-EBB3-4548-86A7-3843AB4A9935}.Release|x86.ActiveCfg = Release|Win32
		{954497EB-EBB3-4548-86A7-3843AB4A9935}.Release|x86.Build.0 = Release|Win32
	EndGlobalSection
	GlobalSection(SolutionProperties) = preSolution
		HideSolutionNode = FALSE
	EndGlobalSection
EndGlobal
